
Microsoft Visual Studio Solution File, Format Version 12.00
# Visual Studio Version 17
VisualStudioVersion = 17.7.34018.315
MinimumVisualStudioVersion = 10.0.40219.1
Project("{FAE04EC0-301F-11D3-BF4B-00C04F79EFBC}") = "WeightedRandom", "WeightedRandom\WeightedRandom.csproj", "{EEDC06B3-E56D-4B0A-9F2C-93B6972DAFD5}"
EndProject
Global
	GlobalSection(SolutionConfigurationPlatforms) = preSolution
		Debug|Any CPU = Debug|Any CPU
		Release|Any CPU = Release|Any CPU
	EndGlobalSection
	GlobalSection(ProjectConfigurationPlatforms) = postSolution
		{EEDC06B3-E56D-4B0A-9F2C-93B6972DAFD5}.Debug|Any CPU.ActiveCfg = Debug|Any CPU
		{EEDC06B3-E56D-4B0A-9F2C-93B6972DAFD5}.Debug|Any CPU.Build.0 = Debug|Any CPU
		{EEDC06B3-E56D-4B0A-9F2C-93B6972DAFD5}.Release|Any CPU.ActiveCfg = Release|Any CPU
		{EEDC06B3-E56D-4B0A-9F2C-93B6972DAFD5}.Release|Any CPU.Build.0 = Release|Any CPU
	EndGlobalSection
	GlobalSection(SolutionProperties) = preSolution
		HideSolutionNode = FALSE
	EndGlobalSection
	GlobalSection(ExtensibilityGlobals) = postSolution
		SolutionGuid = {64284750-7475-4117-A052-2C063AB8103E}
	EndGlobalSection
EndGlobal
